// !$*UTF8*$!
{
	archiveVersion = 1;
	classes = {
	};
	objectVersion = 55;
	objects = {

/* Begin PBXBuildFile section */
		D15CBDB328C5E41F00FEB728 /* coolblueApp.swift in Sources */ = {isa = PBXBuildFile; fileRef = D15CBDB228C5E41F00FEB728 /* coolblueApp.swift */; };
		D15CBDB728C5E42100FEB728 /* Assets.xcassets in Resources */ = {isa = PBXBuildFile; fileRef = D15CBDB628C5E42100FEB728 /* Assets.xcassets */; };
		D15CBDBA28C5E42100FEB728 /* Preview Assets.xcassets in Resources */ = {isa = PBXBuildFile; fileRef = D15CBDB928C5E42100FEB728 /* Preview Assets.xcassets */; };
		D15CBDC428C5E42100FEB728 /* coolblueTests.swift in Sources */ = {isa = PBXBuildFile; fileRef = D15CBDC328C5E42100FEB728 /* coolblueTests.swift */; };
		D15CBDDD28C5E46F00FEB728 /* Product.swift in Sources */ = {isa = PBXBuildFile; fileRef = D15CBDDC28C5E46F00FEB728 /* Product.swift */; };
		D15CBDDF28C5E48E00FEB728 /* Review.swift in Sources */ = {isa = PBXBuildFile; fileRef = D15CBDDE28C5E48E00FEB728 /* Review.swift */; };
		D15CBDE128C5E4A500FEB728 /* ProductListModel.swift in Sources */ = {isa = PBXBuildFile; fileRef = D15CBDE028C5E4A500FEB728 /* ProductListModel.swift */; };
		D15CBDE428C5E4F800FEB728 /* ModelsTest.swift in Sources */ = {isa = PBXBuildFile; fileRef = D15CBDE328C5E4F800FEB728 /* ModelsTest.swift */; };
		D15CBDE628C5E68B00FEB728 /* ProductList.swift in Sources */ = {isa = PBXBuildFile; fileRef = D15CBDE528C5E68B00FEB728 /* ProductList.swift */; };
		D15CBDE828C5E6B200FEB728 /* ProductRow.swift in Sources */ = {isa = PBXBuildFile; fileRef = D15CBDE728C5E6B200FEB728 /* ProductRow.swift */; };
		D15CBDEC28C5E72100FEB728 /* ProductItem.swift in Sources */ = {isa = PBXBuildFile; fileRef = D15CBDEB28C5E72100FEB728 /* ProductItem.swift */; };
		D15CBDEF28C5E7F900FEB728 /* DeliverTomorrow.swift in Sources */ = {isa = PBXBuildFile; fileRef = D15CBDEE28C5E7F900FEB728 /* DeliverTomorrow.swift */; };
		D15CBDF128C5E80C00FEB728 /* ReviewRating.swift in Sources */ = {isa = PBXBuildFile; fileRef = D15CBDF028C5E80C00FEB728 /* ReviewRating.swift */; };
		D15CBDF328C5E82400FEB728 /* ReviewStar.swift in Sources */ = {isa = PBXBuildFile; fileRef = D15CBDF228C5E82300FEB728 /* ReviewStar.swift */; };
/* End PBXBuildFile section */

/* Begin PBXContainerItemProxy section */
		D15CBDC028C5E42100FEB728 /* PBXContainerItemProxy */ = {
			isa = PBXContainerItemProxy;
			containerPortal = D15CBDA728C5E41F00FEB728 /* Project object */;
			proxyType = 1;
			remoteGlobalIDString = D15CBDAE28C5E41F00FEB728;
			remoteInfo = coolblue;
		};
/* End PBXContainerItemProxy section */

/* Begin PBXFileReference section */
		D15CBDAF28C5E41F00FEB728 /* coolblue.app */ = {isa = PBXFileReference; explicitFileType = wrapper.application; includeInIndex = 0; path = coolblue.app; sourceTree = BUILT_PRODUCTS_DIR; };
		D15CBDB228C5E41F00FEB728 /* coolblueApp.swift */ = {isa = PBXFileReference; lastKnownFileType = sourcecode.swift; path = coolblueApp.swift; sourceTree = "<group>"; };
		D15CBDB628C5E42100FEB728 /* Assets.xcassets */ = {isa = PBXFileReference; lastKnownFileType = folder.assetcatalog; path = Assets.xcassets; sourceTree = "<group>"; };
		D15CBDB928C5E42100FEB728 /* Preview Assets.xcassets */ = {isa = PBXFileReference; lastKnownFileType = folder.assetcatalog; path = "Preview Assets.xcassets"; sourceTree = "<group>"; };
		D15CBDBF28C5E42100FEB728 /* coolblueTests.xctest */ = {isa = PBXFileReference; explicitFileType = wrapper.cfbundle; includeInIndex = 0; path = coolblueTests.xctest; sourceTree = BUILT_PRODUCTS_DIR; };
		D15CBDC328C5E42100FEB728 /* coolblueTests.swift */ = {isa = PBXFileReference; lastKnownFileType = sourcecode.swift; path = coolblueTests.swift; sourceTree = "<group>"; };
		D15CBDDC28C5E46F00FEB728 /* Product.swift */ = {isa = PBXFileReference; lastKnownFileType = sourcecode.swift; path = Product.swift; sourceTree = "<group>"; };
		D15CBDDE28C5E48E00FEB728 /* Review.swift */ = {isa = PBXFileReference; lastKnownFileType = sourcecode.swift; path = Review.swift; sourceTree = "<group>"; };
		D15CBDE028C5E4A500FEB728 /* ProductListModel.swift */ = {isa = PBXFileReference; lastKnownFileType = sourcecode.swift; path = ProductListModel.swift; sourceTree = "<group>"; };
		D15CBDE328C5E4F800FEB728 /* ModelsTest.swift */ = {isa = PBXFileReference; lastKnownFileType = sourcecode.swift; path = ModelsTest.swift; sourceTree = "<group>"; };
		D15CBDE528C5E68B00FEB728 /* ProductList.swift */ = {isa = PBXFileReference; lastKnownFileType = sourcecode.swift; path = ProductList.swift; sourceTree = "<group>"; };
		D15CBDE728C5E6B200FEB728 /* ProductRow.swift */ = {isa = PBXFileReference; lastKnownFileType = sourcecode.swift; path = ProductRow.swift; sourceTree = "<group>"; };
		D15CBDEB28C5E72100FEB728 /* ProductItem.swift */ = {isa = PBXFileReference; lastKnownFileType = sourcecode.swift; path = ProductItem.swift; sourceTree = "<group>"; };
		D15CBDEE28C5E7F900FEB728 /* DeliverTomorrow.swift */ = {isa = PBXFileReference; lastKnownFileType = sourcecode.swift; path = DeliverTomorrow.swift; sourceTree = "<group>"; };
		D15CBDF028C5E80C00FEB728 /* ReviewRating.swift */ = {isa = PBXFileReference; lastKnownFileType = sourcecode.swift; path = ReviewRating.swift; sourceTree = "<group>"; };
		D15CBDF228C5E82300FEB728 /* ReviewStar.swift */ = {isa = PBXFileReference; lastKnownFileType = sourcecode.swift; path = ReviewStar.swift; sourceTree = "<group>"; };
/* End PBXFileReference section */

/* Begin PBXFrameworksBuildPhase section */
		D15CBDAC28C5E41F00FEB728 /* Frameworks */ = {
			isa = PBXFrameworksBuildPhase;
			buildActionMask = 2147483647;
			files = (
			);
			runOnlyForDeploymentPostprocessing = 0;
		};
		D15CBDBC28C5E42100FEB728 /* Frameworks */ = {
			isa = PBXFrameworksBuildPhase;
			buildActionMask = 2147483647;
			files = (
			);
			runOnlyForDeploymentPostprocessing = 0;
		};
/* End PBXFrameworksBuildPhase section */

/* Begin PBXGroup section */
		D15CBDA628C5E41F00FEB728 = {
			isa = PBXGroup;
			children = (
				D15CBDB128C5E41F00FEB728 /* coolblue */,
				D15CBDC228C5E42100FEB728 /* coolblueTests */,
				D15CBDB028C5E41F00FEB728 /* Products */,
			);
			sourceTree = "<group>";
		};
		D15CBDB028C5E41F00FEB728 /* Products */ = {
			isa = PBXGroup;
			children = (
				D15CBDAF28C5E41F00FEB728 /* coolblue.app */,
				D15CBDBF28C5E42100FEB728 /* coolblueTests.xctest */,
			);
			name = Products;
			sourceTree = "<group>";
		};
		D15CBDB128C5E41F00FEB728 /* coolblue */ = {
			isa = PBXGroup;
			children = (
				D15CBDB228C5E41F00FEB728 /* coolblueApp.swift */,
				D15CBDE228C5E4C400FEB728 /* Model */,
				D15CBDE928C5E6CD00FEB728 /* View */,
				D15CBDED28C5E73F00FEB728 /* ViewModel */,
				D15CBDB628C5E42100FEB728 /* Assets.xcassets */,
				D15CBDB828C5E42100FEB728 /* Preview Content */,
			);
			path = coolblue;
			sourceTree = "<group>";
		};
		D15CBDB828C5E42100FEB728 /* Preview Content */ = {
			isa = PBXGroup;
			children = (
				D15CBDB928C5E42100FEB728 /* Preview Assets.xcassets */,
			);
			path = "Preview Content";
			sourceTree = "<group>";
		};
		D15CBDC228C5E42100FEB728 /* coolblueTests */ = {
			isa = PBXGroup;
			children = (
				D15CBDC328C5E42100FEB728 /* coolblueTests.swift */,
				D15CBDE328C5E4F800FEB728 /* ModelsTest.swift */,
			);
			path = coolblueTests;
			sourceTree = "<group>";
		};
		D15CBDE228C5E4C400FEB728 /* Model */ = {
			isa = PBXGroup;
			children = (
				D15CBDE028C5E4A500FEB728 /* ProductListModel.swift */,
				D15CBDDC28C5E46F00FEB728 /* Product.swift */,
				D15CBDDE28C5E48E00FEB728 /* Review.swift */,
			);
			path = Model;
			sourceTree = "<group>";
		};
		D15CBDE928C5E6CD00FEB728 /* View */ = {
			isa = PBXGroup;
			children = (
				D15CBDE528C5E68B00FEB728 /* ProductList.swift */,
				D15CBDE728C5E6B200FEB728 /* ProductRow.swift */,
				D15CBDEE28C5E7F900FEB728 /* DeliverTomorrow.swift */,
				D15CBDF028C5E80C00FEB728 /* ReviewRating.swift */,
				D15CBDF228C5E82300FEB728 /* ReviewStar.swift */,
			);
			path = View;
			sourceTree = "<group>";
		};
		D15CBDED28C5E73F00FEB728 /* ViewModel */ = {
			isa = PBXGroup;
			children = (
				D15CBDEB28C5E72100FEB728 /* ProductItem.swift */,
			);
			path = ViewModel;
			sourceTree = "<group>";
		};
/* End PBXGroup section */

/* Begin PBXNativeTarget section */
		D15CBDAE28C5E41F00FEB728 /* coolblue */ = {
			isa = PBXNativeTarget;
			buildConfigurationList = D15CBDD328C5E42100FEB728 /* Build configuration list for PBXNativeTarget "coolblue" */;
			buildPhases = (
				D15CBDAB28C5E41F00FEB728 /* Sources */,
				D15CBDAC28C5E41F00FEB728 /* Frameworks */,
				D15CBDAD28C5E41F00FEB728 /* Resources */,
			);
			buildRules = (
			);
			dependencies = (
			);
			name = coolblue;
			productName = coolblue;
			productReference = D15CBDAF28C5E41F00FEB728 /* coolblue.app */;
			productType = "com.apple.product-type.application";
		};
		D15CBDBE28C5E42100FEB728 /* coolblueTests */ = {
			isa = PBXNativeTarget;
			buildConfigurationList = D15CBDD628C5E42100FEB728 /* Build configuration list for PBXNativeTarget "coolblueTests" */;
			buildPhases = (
				D15CBDBB28C5E42100FEB728 /* Sources */,
				D15CBDBC28C5E42100FEB728 /* Frameworks */,
				D15CBDBD28C5E42100FEB728 /* Resources */,
			);
			buildRules = (
			);
			dependencies = (
				D15CBDC128C5E42100FEB728 /* PBXTargetDependency */,
			);
			name = coolblueTests;
			productName = coolblueTests;
			productReference = D15CBDBF28C5E42100FEB728 /* coolblueTests.xctest */;
			productType = "com.apple.product-type.bundle.unit-test";
		};
/* End PBXNativeTarget section */

/* Begin PBXProject section */
		D15CBDA728C5E41F00FEB728 /* Project object */ = {
			isa = PBXProject;
			attributes = {
				BuildIndependentTargetsInParallel = 1;
				LastSwiftUpdateCheck = 1340;
				LastUpgradeCheck = 1340;
				TargetAttributes = {
					D15CBDAE28C5E41F00FEB728 = {
						CreatedOnToolsVersion = 13.4;
					};
					D15CBDBE28C5E42100FEB728 = {
						CreatedOnToolsVersion = 13.4;
						TestTargetID = D15CBDAE28C5E41F00FEB728;
					};
				};
			};
			buildConfigurationList = D15CBDAA28C5E41F00FEB728 /* Build configuration list for PBXProject "coolblue" */;
			compatibilityVersion = "Xcode 13.0";
			developmentRegion = en;
			hasScannedForEncodings = 0;
			knownRegions = (
				en,
				Base,
			);
			mainGroup = D15CBDA628C5E41F00FEB728;
			productRefGroup = D15CBDB028C5E41F00FEB728 /* Products */;
			projectDirPath = "";
			projectRoot = "";
			targets = (
				D15CBDAE28C5E41F00FEB728 /* coolblue */,
				D15CBDBE28C5E42100FEB728 /* coolblueTests */,
			);
		};
/* End PBXProject section */

/* Begin PBXResourcesBuildPhase section */
		D15CBDAD28C5E41F00FEB728 /* Resources */ = {
			isa = PBXResourcesBuildPhase;
			buildActionMask = 2147483647;
			files = (
				D15CBDBA28C5E42100FEB728 /* Preview Assets.xcassets in Resources */,
				D15CBDB728C5E42100FEB728 /* Assets.xcassets in Resources */,
			);
			runOnlyForDeploymentPostprocessing = 0;
		};
		D15CBDBD28C5E42100FEB728 /* Resources */ = {
			isa = PBXResourcesBuildPhase;
			buildActionMask = 2147483647;
			files = (
			);
			runOnlyForDeploymentPostprocessing = 0;
		};
/* End PBXResourcesBuildPhase section */

/* Begin PBXSourcesBuildPhase section */
		D15CBDAB28C5E41F00FEB728 /* Sources */ = {
			isa = PBXSourcesBuildPhase;
			buildActionMask = 2147483647;
			files = (
				D15CBDE128C5E4A500FEB728 /* ProductListModel.swift in Sources */,
				D15CBDF128C5E80C00FEB728 /* ReviewRating.swift in Sources */,
				D15CBDEC28C5E72100FEB728 /* ProductItem.swift in Sources */,
				D15CBDE628C5E68B00FEB728 /* ProductList.swift in Sources */,
				D15CBDE828C5E6B200FEB728 /* ProductRow.swift in Sources */,
				D15CBDF328C5E82400FEB728 /* ReviewStar.swift in Sources */,
				D15CBDEF28C5E7F900FEB728 /* DeliverTomorrow.swift in Sources */,
				D15CBDDF28C5E48E00FEB728 /* Review.swift in Sources */,
				D15CBDB328C5E41F00FEB728 /* coolblueApp.swift in Sources */,
				D15CBDDD28C5E46F00FEB728 /* Product.swift in Sources */,
			);
			runOnlyForDeploymentPostprocessing = 0;
		};
		D15CBDBB28C5E42100FEB728 /* Sources */ = {
			isa = PBXSourcesBuildPhase;
			buildActionMask = 2147483647;
			files = (
				D15CBDC428C5E42100FEB728 /* coolblueTests.swift in Sources */,
				D15CBDE428C5E4F800FEB728 /* ModelsTest.swift in Sources */,
			);
			runOnlyForDeploymentPostprocessing = 0;
		};
/* End PBXSourcesBuildPhase section */

/* Begin PBXTargetDependency section */
		D15CBDC128C5E42100FEB728 /* PBXTargetDependency */ = {
			isa = PBXTargetDependency;
			target = D15CBDAE28C5E41F00FEB728 /* coolblue */;
			targetProxy = D15CBDC028C5E42100FEB728 /* PBXContainerItemProxy */;
		};
/* End PBXTargetDependency section */

/* Begin XCBuildConfiguration section */
		D15CBDD128C5E42100FEB728 /* Debug */ = {
			isa = XCBuildConfiguration;
			buildSettings = {
				ALWAYS_SEARCH_USER_PATHS = NO;
				CLANG_ANALYZER_NONNULL = YES;
				CLANG_ANALYZER_NUMBER_OBJECT_CONVERSION = YES_AGGRESSIVE;
				CLANG_CXX_LANGUAGE_STANDARD = "gnu++17";
				CLANG_ENABLE_MODULES = YES;
				CLANG_ENABLE_OBJC_ARC = YES;
				CLANG_ENABLE_OBJC_WEAK = YES;
				CLANG_WARN_BLOCK_CAPTURE_AUTORELEASING = YES;
				CLANG_WARN_BOOL_CONVERSION = YES;
				CLANG_WARN_COMMA = YES;
				CLANG_WARN_CONSTANT_CONVERSION = YES;
				CLANG_WARN_DEPRECATED_OBJC_IMPLEMENTATIONS = YES;
				CLANG_WARN_DIRECT_OBJC_ISA_USAGE = YES_ERROR;
				CLANG_WARN_DOCUMENTATION_COMMENTS = YES;
				CLANG_WARN_EMPTY_BODY = YES;
				CLANG_WARN_ENUM_CONVERSION = YES;
				CLANG_WARN_INFINITE_RECURSION = YES;
				CLANG_WARN_INT_CONVERSION = YES;
				CLANG_WARN_NON_LITERAL_NULL_CONVERSION = YES;
				CLANG_WARN_OBJC_IMPLICIT_RETAIN_SELF = YES;
				CLANG_WARN_OBJC_LITERAL_CONVERSION = YES;
				CLANG_WARN_OBJC_ROOT_CLASS = YES_ERROR;
				CLANG_WARN_QUOTED_INCLUDE_IN_FRAMEWORK_HEADER = YES;
				CLANG_WARN_RANGE_LOOP_ANALYSIS = YES;
				CLANG_WARN_STRICT_PROTOTYPES = YES;
				CLANG_WARN_SUSPICIOUS_MOVE = YES;
				CLANG_WARN_UNGUARDED_AVAILABILITY = YES_AGGRESSIVE;
				CLANG_WARN_UNREACHABLE_CODE = YES;
				CLANG_WARN__DUPLICATE_METHOD_MATCH = YES;
				COPY_PHASE_STRIP = NO;
				DEBUG_INFORMATION_FORMAT = dwarf;
				ENABLE_STRICT_OBJC_MSGSEND = YES;
				ENABLE_TESTABILITY = YES;
				GCC_C_LANGUAGE_STANDARD = gnu11;
				GCC_DYNAMIC_NO_PIC = NO;
				GCC_NO_COMMON_BLOCKS = YES;
				GCC_OPTIMIZATION_LEVEL = 0;
				GCC_PREPROCESSOR_DEFINITIONS = (
					"DEBUG=1",
					"$(inherited)",
				);
				GCC_WARN_64_TO_32_BIT_CONVERSION = YES;
				GCC_WARN_ABOUT_RETURN_TYPE = YES_ERROR;
				GCC_WARN_UNDECLARED_SELECTOR = YES;
				GCC_WARN_UNINITIALIZED_AUTOS = YES_AGGRESSIVE;
				GCC_WARN_UNUSED_FUNCTION = YES;
				GCC_WARN_UNUSED_VARIABLE = YES;
				IPHONEOS_DEPLOYMENT_TARGET = 15.5;
				MTL_ENABLE_DEBUG_INFO = INCLUDE_SOURCE;
				MTL_FAST_MATH = YES;
				ONLY_ACTIVE_ARCH = YES;
				SDKROOT = iphoneos;
				SWIFT_ACTIVE_COMPILATION_CONDITIONS = DEBUG;
				SWIFT_OPTIMIZATION_LEVEL = "-Onone";
			};
			name = Debug;
		};
		D15CBDD228C5E42100FEB728 /* Release */ = {
			isa = XCBuildConfiguration;
			buildSettings = {
				ALWAYS_SEARCH_USER_PATHS = NO;
				CLANG_ANALYZER_NONNULL = YES;
				CLANG_ANALYZER_NUMBER_OBJECT_CONVERSION = YES_AGGRESSIVE;
				CLANG_CXX_LANGUAGE_STANDARD = "gnu++17";
				CLANG_ENABLE_MODULES = YES;
				CLANG_ENABLE_OBJC_ARC = YES;
				CLANG_ENABLE_OBJC_WEAK = YES;
				CLANG_WARN_BLOCK_CAPTURE_AUTORELEASING = YES;
				CLANG_WARN_BOOL_CONVERSION = YES;
				CLANG_WARN_COMMA = YES;
				CLANG_WARN_CONSTANT_CONVERSION = YES;
				CLANG_WARN_DEPRECATED_OBJC_IMPLEMENTATIONS = YES;
				CLANG_WARN_DIRECT_OBJC_ISA_USAGE = YES_ERROR;
				CLANG_WARN_DOCUMENTATION_COMMENTS = YES;
				CLANG_WARN_EMPTY_BODY = YES;
				CLANG_WARN_ENUM_CONVERSION = YES;
				CLANG_WARN_INFINITE_RECURSION = YES;
				CLANG_WARN_INT_CONVERSION = YES;
				CLANG_WARN_NON_LITERAL_NULL_CONVERSION = YES;
				CLANG_WARN_OBJC_IMPLICIT_RETAIN_SELF = YES;
				CLANG_WARN_OBJC_LITERAL_CONVERSION = YES;
				CLANG_WARN_OBJC_ROOT_CLASS = YES_ERROR;
				CLANG_WARN_QUOTED_INCLUDE_IN_FRAMEWORK_HEADER = YES;
				CLANG_WARN_RANGE_LOOP_ANALYSIS = YES;
				CLANG_WARN_STRICT_PROTOTYPES = YES;
				CLANG_WARN_SUSPICIOUS_MOVE = YES;
				CLANG_WARN_UNGUARDED_AVAILABILITY = YES_AGGRESSIVE;
				CLANG_WARN_UNREACHABLE_CODE = YES;
				CLANG_WARN__DUPLICATE_METHOD_MATCH = YES;
				COPY_PHASE_STRIP = NO;
				DEBUG_INFORMATION_FORMAT = "dwarf-with-dsym";
				ENABLE_NS_ASSERTIONS = NO;
				ENABLE_STRICT_OBJC_MSGSEND = YES;
				GCC_C_LANGUAGE_STANDARD = gnu11;
				GCC_NO_COMMON_BLOCKS = YES;
				GCC_WARN_64_TO_32_BIT_CONVERSION = YES;
				GCC_WARN_ABOUT_RETURN_TYPE = YES_ERROR;
				GCC_WARN_UNDECLARED_SELECTOR = YES;
				GCC_WARN_UNINITIALIZED_AUTOS = YES_AGGRESSIVE;
				GCC_WARN_UNUSED_FUNCTION = YES;
				GCC_WARN_UNUSED_VARIABLE = YES;
				IPHONEOS_DEPLOYMENT_TARGET = 15.5;
				MTL_ENABLE_DEBUG_INFO = NO;
				MTL_FAST_MATH = YES;
				SDKROOT = iphoneos;
				SWIFT_COMPILATION_MODE = wholemodule;
				SWIFT_OPTIMIZATION_LEVEL = "-O";
				VALIDATE_PRODUCT = YES;
			};
			name = Release;
		};
		D15CBDD428C5E42100FEB728 /* Debug */ = {
			isa = XCBuildConfiguration;
			buildSettings = {
				ASSETCATALOG_COMPILER_APPICON_NAME = AppIcon;
				ASSETCATALOG_COMPILER_GLOBAL_ACCENT_COLOR_NAME = AccentColor;
				CODE_SIGN_STYLE = Automatic;
				CURRENT_PROJECT_VERSION = 1;
				DEVELOPMENT_ASSET_PATHS = "\"coolblue/Preview Content\"";
				ENABLE_PREVIEWS = YES;
				GENERATE_INFOPLIST_FILE = YES;
				INFOPLIST_KEY_UIApplicationSceneManifest_Generation = YES;
				INFOPLIST_KEY_UIApplicationSupportsIndirectInputEvents = YES;
				INFOPLIST_KEY_UILaunchScreen_Generation = YES;
				INFOPLIST_KEY_UISupportedInterfaceOrientations_iPad = "UIInterfaceOrientationPortrait UIInterfaceOrientationPortraitUpsideDown UIInterfaceOrientationLandscapeLeft UIInterfaceOrientationLandscapeRight";
				INFOPLIST_KEY_UISupportedInterfaceOrientations_iPhone = "UIInterfaceOrientationPortrait UIInterfaceOrientationLandscapeLeft UIInterfaceOrientationLandscapeRight";
				LD_RUNPATH_SEARCH_PATHS = (
					"$(inherited)",
					"@executable_path/Frameworks",
				);
				MARKETING_VERSION = 1.0;
				PRODUCT_BUNDLE_IDENTIFIER = mohammad.coolblue;
				PRODUCT_NAME = "$(TARGET_NAME)";
				SWIFT_EMIT_LOC_STRINGS = YES;
				SWIFT_VERSION = 5.0;
				TARGETED_DEVICE_FAMILY = "1,2";
			};
			name = Debug;
		};
		D15CBDD528C5E42100FEB728 /* Release */ = {
			isa = XCBuildConfiguration;
			buildSettings = {
				ASSETCATALOG_COMPILER_APPICON_NAME = AppIcon;
				ASSETCATALOG_COMPILER_GLOBAL_ACCENT_COLOR_NAME = AccentColor;
				CODE_SIGN_STYLE = Automatic;
				CURRENT_PROJECT_VERSION = 1;
				DEVELOPMENT_ASSET_PATHS = "\"coolblue/Preview Content\"";
				ENABLE_PREVIEWS = YES;
				GENERATE_INFOPLIST_FILE = YES;
				INFOPLIST_KEY_UIApplicationSceneManifest_Generation = YES;
				INFOPLIST_KEY_UIApplicationSupportsIndirectInputEvents = YES;
				INFOPLIST_KEY_UILaunchScreen_Generation = YES;
				INFOPLIST_KEY_UISupportedInterfaceOrientations_iPad = "UIInterfaceOrientationPortrait UIInterfaceOrientationPortraitUpsideDown UIInterfaceOrientationLandscapeLeft UIInterfaceOrientationLandscapeRight";
				INFOPLIST_KEY_UISupportedInterfaceOrientations_iPhone = "UIInterfaceOrientationPortrait UIInterfaceOrientationLandscapeLeft UIInterfaceOrientationLandscapeRight";
				LD_RUNPATH_SEARCH_PATHS = (
					"$(inherited)",
					"@executable_path/Frameworks",
				);
				MARKETING_VERSION = 1.0;
				PRODUCT_BUNDLE_IDENTIFIER = mohammad.coolblue;
				PRODUCT_NAME = "$(TARGET_NAME)";
				SWIFT_EMIT_LOC_STRINGS = YES;
				SWIFT_VERSION = 5.0;
				TARGETED_DEVICE_FAMILY = "1,2";
			};
			name = Release;
		};
		D15CBDD728C5E42100FEB728 /* Debug */ = {
			isa = XCBuildConfiguration;
			buildSettings = {
				ALWAYS_EMBED_SWIFT_STANDARD_LIBRARIES = YES;
				BUNDLE_LOADER = "$(TEST_HOST)";
				CODE_SIGN_STYLE = Automatic;
				CURRENT_PROJECT_VERSION = 1;
				GENERATE_INFOPLIST_FILE = YES;
				IPHONEOS_DEPLOYMENT_TARGET = 15.5;
				MARKETING_VERSION = 1.0;
				PRODUCT_BUNDLE_IDENTIFIER = mohammad.coolblueTests;
				PRODUCT_NAME = "$(TARGET_NAME)";
				SWIFT_EMIT_LOC_STRINGS = NO;
				SWIFT_VERSION = 5.0;
				TARGETED_DEVICE_FAMILY = "1,2";
				TEST_HOST = "$(BUILT_PRODUCTS_DIR)/coolblue.app/coolblue";
			};
			name = Debug;
		};
		D15CBDD828C5E42100FEB728 /* Release */ = {
			isa = XCBuildConfiguration;
			buildSettings = {
				ALWAYS_EMBED_SWIFT_STANDARD_LIBRARIES = YES;
				BUNDLE_LOADER = "$(TEST_HOST)";
				CODE_SIGN_STYLE = Automatic;
				CURRENT_PROJECT_VERSION = 1;
				GENERATE_INFOPLIST_FILE = YES;
				IPHONEOS_DEPLOYMENT_TARGET = 15.5;
				MARKETING_VERSION = 1.0;
				PRODUCT_BUNDLE_IDENTIFIER = mohammad.coolblueTests;
				PRODUCT_NAME = "$(TARGET_NAME)";
				SWIFT_EMIT_LOC_STRINGS = NO;
				SWIFT_VERSION = 5.0;
				TARGETED_DEVICE_FAMILY = "1,2";
				TEST_HOST = "$(BUILT_PRODUCTS_DIR)/coolblue.app/coolblue";
			};
			name = Release;
		};
/* End XCBuildConfiguration section */

/* Begin XCConfigurationList section */
		D15CBDAA28C5E41F00FEB728 /* Build configuration list for PBXProject "coolblue" */ = {
			isa = XCConfigurationList;
			buildConfigurations = (
				D15CBDD128C5E42100FEB728 /* Debug */,
				D15CBDD228C5E42100FEB728 /* Release */,
			);
			defaultConfigurationIsVisible = 0;
			defaultConfigurationName = Release;
		};
		D15CBDD328C5E42100FEB728 /* Build configuration list for PBXNativeTarget "coolblue" */ = {
			isa = XCConfigurationList;
			buildConfigurations = (
				D15CBDD428C5E42100FEB728 /* Debug */,
				D15CBDD528C5E42100FEB728 /* Release */,
			);
			defaultConfigurationIsVisible = 0;
			defaultConfigurationName = Release;
		};
		D15CBDD628C5E42100FEB728 /* Build configuration list for PBXNativeTarget "coolblueTests" */ = {
			isa = XCConfigurationList;
			buildConfigurations = (
				D15CBDD728C5E42100FEB728 /* Debug */,
				D15CBDD828C5E42100FEB728 /* Release */,
			);
			defaultConfigurationIsVisible = 0;
			defaultConfigurationName = Release;
		};
/* End XCConfigurationList section */
	};
	rootObject = D15CBDA728C5E41F00FEB728 /* Project object */;
}
